// !$*UTF8*$!
{
	archiveVersion = 1;
	classes = {
	};
	objectVersion = 50;
	objects = {

/* Begin PBXBuildFile section */
		D66FE0DC26348306006589C1 /* AppDelegate.swift in Sources */ = {isa = PBXBuildFile; fileRef = D66FE0DB26348306006589C1 /* AppDelegate.swift */; };
		D66FE0DE26348306006589C1 /* SceneDelegate.swift in Sources */ = {isa = PBXBuildFile; fileRef = D66FE0DD26348306006589C1 /* SceneDelegate.swift */; };
		D66FE0E026348306006589C1 /* MainViewController.swift in Sources */ = {isa = PBXBuildFile; fileRef = D66FE0DF26348306006589C1 /* MainViewController.swift */; };
		D66FE0E326348306006589C1 /* Main.storyboard in Resources */ = {isa = PBXBuildFile; fileRef = D66FE0E126348306006589C1 /* Main.storyboard */; };
		D66FE0E526348308006589C1 /* Assets.xcassets in Resources */ = {isa = PBXBuildFile; fileRef = D66FE0E426348308006589C1 /* Assets.xcassets */; };
		D66FE0E826348308006589C1 /* LaunchScreen.storyboard in Resources */ = {isa = PBXBuildFile; fileRef = D66FE0E626348308006589C1 /* LaunchScreen.storyboard */; };
		D66FE0F1263483FC006589C1 /* MoviesManager.swift in Sources */ = {isa = PBXBuildFile; fileRef = D66FE0F0263483FC006589C1 /* MoviesManager.swift */; };
		D66FE0F526348468006589C1 /* MoviesModel.swift in Sources */ = {isa = PBXBuildFile; fileRef = D66FE0F426348468006589C1 /* MoviesModel.swift */; };
		D66FE0FA263486E5006589C1 /* Constants.swift in Sources */ = {isa = PBXBuildFile; fileRef = D66FE0F9263486E5006589C1 /* Constants.swift */; };
		D66FE0FE26349008006589C1 /* MoviesDataModel.swift in Sources */ = {isa = PBXBuildFile; fileRef = D66FE0FD26349008006589C1 /* MoviesDataModel.swift */; };
/* End PBXBuildFile section */

/* Begin PBXFileReference section */
		D66FE0D826348306006589C1 /* testClaro.app */ = {isa = PBXFileReference; explicitFileType = wrapper.application; includeInIndex = 0; path = testClaro.app; sourceTree = BUILT_PRODUCTS_DIR; };
		D66FE0DB26348306006589C1 /* AppDelegate.swift */ = {isa = PBXFileReference; lastKnownFileType = sourcecode.swift; path = AppDelegate.swift; sourceTree = "<group>"; };
		D66FE0DD26348306006589C1 /* SceneDelegate.swift */ = {isa = PBXFileReference; lastKnownFileType = sourcecode.swift; path = SceneDelegate.swift; sourceTree = "<group>"; };
		D66FE0DF26348306006589C1 /* MainViewController.swift */ = {isa = PBXFileReference; lastKnownFileType = sourcecode.swift; path = MainViewController.swift; sourceTree = "<group>"; };
		D66FE0E226348306006589C1 /* Base */ = {isa = PBXFileReference; lastKnownFileType = file.storyboard; name = Base; path = Base.lproj/Main.storyboard; sourceTree = "<group>"; };
		D66FE0E426348308006589C1 /* Assets.xcassets */ = {isa = PBXFileReference; lastKnownFileType = folder.assetcatalog; path = Assets.xcassets; sourceTree = "<group>"; };
		D66FE0E726348308006589C1 /* Base */ = {isa = PBXFileReference; lastKnownFileType = file.storyboard; name = Base; path = Base.lproj/LaunchScreen.storyboard; sourceTree = "<group>"; };
		D66FE0E926348308006589C1 /* Info.plist */ = {isa = PBXFileReference; lastKnownFileType = text.plist.xml; path = Info.plist; sourceTree = "<group>"; };
		D66FE0F0263483FC006589C1 /* MoviesManager.swift */ = {isa = PBXFileReference; lastKnownFileType = sourcecode.swift; path = MoviesManager.swift; sourceTree = "<group>"; };
		D66FE0F426348468006589C1 /* MoviesModel.swift */ = {isa = PBXFileReference; lastKnownFileType = sourcecode.swift; path = MoviesModel.swift; sourceTree = "<group>"; };
		D66FE0F9263486E5006589C1 /* Constants.swift */ = {isa = PBXFileReference; lastKnownFileType = sourcecode.swift; path = Constants.swift; sourceTree = "<group>"; };
		D66FE0FD26349008006589C1 /* MoviesDataModel.swift */ = {isa = PBXFileReference; lastKnownFileType = sourcecode.swift; path = MoviesDataModel.swift; sourceTree = "<group>"; };
/* End PBXFileReference section */

/* Begin PBXFrameworksBuildPhase section */
		D66FE0D526348306006589C1 /* Frameworks */ = {
			isa = PBXFrameworksBuildPhase;
			buildActionMask = 2147483647;
			files = (
			);
			runOnlyForDeploymentPostprocessing = 0;
		};
/* End PBXFrameworksBuildPhase section */

/* Begin PBXGroup section */
		D66FE0CF26348306006589C1 = {
			isa = PBXGroup;
			children = (
				D66FE0DA26348306006589C1 /* testClaro */,
				D66FE0D926348306006589C1 /* Products */,
			);
			sourceTree = "<group>";
		};
		D66FE0D926348306006589C1 /* Products */ = {
			isa = PBXGroup;
			children = (
				D66FE0D826348306006589C1 /* testClaro.app */,
			);
			name = Products;
			sourceTree = "<group>";
		};
		D66FE0DA26348306006589C1 /* testClaro */ = {
			isa = PBXGroup;
			children = (
				D66FE0F8263486CE006589C1 /* Helpers */,
				D66FE0F326348444006589C1 /* Models */,
				D66FE0DB26348306006589C1 /* AppDelegate.swift */,
				D66FE0DD26348306006589C1 /* SceneDelegate.swift */,
				D66FE0DF26348306006589C1 /* MainViewController.swift */,
				D66FE0E126348306006589C1 /* Main.storyboard */,
				D66FE0E426348308006589C1 /* Assets.xcassets */,
				D66FE0E626348308006589C1 /* LaunchScreen.storyboard */,
				D66FE0E926348308006589C1 /* Info.plist */,
				D66FE0F0263483FC006589C1 /* MoviesManager.swift */,
			);
			path = testClaro;
			sourceTree = "<group>";
		};
		D66FE0F326348444006589C1 /* Models */ = {
			isa = PBXGroup;
			children = (
				D66FE0F426348468006589C1 /* MoviesModel.swift */,
				D66FE0FD26349008006589C1 /* MoviesDataModel.swift */,
			);
			path = Models;
			sourceTree = "<group>";
		};
		D66FE0F8263486CE006589C1 /* Helpers */ = {
			isa = PBXGroup;
			children = (
				D66FE0F9263486E5006589C1 /* Constants.swift */,
			);
			path = Helpers;
			sourceTree = "<group>";
		};
/* End PBXGroup section */

/* Begin PBXNativeTarget section */
		D66FE0D726348306006589C1 /* testClaro */ = {
			isa = PBXNativeTarget;
			buildConfigurationList = D66FE0EC26348308006589C1 /* Build configuration list for PBXNativeTarget "testClaro" */;
			buildPhases = (
				D66FE0D426348306006589C1 /* Sources */,
				D66FE0D526348306006589C1 /* Frameworks */,
				D66FE0D626348306006589C1 /* Resources */,
			);
			buildRules = (
			);
			dependencies = (
			);
			name = testClaro;
			productName = testClaro;
			productReference = D66FE0D826348306006589C1 /* testClaro.app */;
			productType = "com.apple.product-type.application";
		};
/* End PBXNativeTarget section */

/* Begin PBXProject section */
		D66FE0D026348306006589C1 /* Project object */ = {
			isa = PBXProject;
			attributes = {
				LastSwiftUpdateCheck = 1220;
				LastUpgradeCheck = 1220;
				TargetAttributes = {
					D66FE0D726348306006589C1 = {
						CreatedOnToolsVersion = 12.2;
					};
				};
			};
			buildConfigurationList = D66FE0D326348306006589C1 /* Build configuration list for PBXProject "testClaro" */;
			compatibilityVersion = "Xcode 9.3";
			developmentRegion = en;
			hasScannedForEncodings = 0;
			knownRegions = (
				en,
				Base,
			);
			mainGroup = D66FE0CF26348306006589C1;
			productRefGroup = D66FE0D926348306006589C1 /* Products */;
			projectDirPath = "";
			projectRoot = "";
			targets = (
				D66FE0D726348306006589C1 /* testClaro */,
			);
		};
/* End PBXProject section */

/* Begin PBXResourcesBuildPhase section */
		D66FE0D626348306006589C1 /* Resources */ = {
			isa = PBXResourcesBuildPhase;
			buildActionMask = 2147483647;
			files = (
				D66FE0E826348308006589C1 /* LaunchScreen.storyboard in Resources */,
				D66FE0E526348308006589C1 /* Assets.xcassets in Resources */,
				D66FE0E326348306006589C1 /* Main.storyboard in Resources */,
			);
			runOnlyForDeploymentPostprocessing = 0;
		};
/* End PBXResourcesBuildPhase section */

/* Begin PBXSourcesBuildPhase section */
		D66FE0D426348306006589C1 /* Sources */ = {
			isa = PBXSourcesBuildPhase;
			buildActionMask = 2147483647;
			files = (
				D66FE0F1263483FC006589C1 /* MoviesManager.swift in Sources */,
				D66FE0E026348306006589C1 /* MainViewController.swift in Sources */,
				D66FE0FE26349008006589C1 /* MoviesDataModel.swift in Sources */,
				D66FE0F526348468006589C1 /* MoviesModel.swift in Sources */,
				D66FE0DC26348306006589C1 /* AppDelegate.swift in Sources */,
				D66FE0DE26348306006589C1 /* SceneDelegate.swift in Sources */,
				D66FE0FA263486E5006589C1 /* Constants.swift in Sources */,
			);
			runOnlyForDeploymentPostprocessing = 0;
		};
/* End PBXSourcesBuildPhase section */

/* Begin PBXVariantGroup section */
		D66FE0E126348306006589C1 /* Main.storyboard */ = {
			isa = PBXVariantGroup;
			children = (
				D66FE0E226348306006589C1 /* Base */,
			);
			name = Main.storyboard;
			sourceTree = "<group>";
		};
		D66FE0E626348308006589C1 /* LaunchScreen.storyboard */ = {
			isa = PBXVariantGroup;
			children = (
				D66FE0E726348308006589C1 /* Base */,
			);
			name = LaunchScreen.storyboard;
			sourceTree = "<group>";
		};
/* End PBXVariantGroup section */

/* Begin XCBuildConfiguration section */
		D66FE0EA26348308006589C1 /* Debug */ = {
			isa = XCBuildConfiguration;
			buildSettings = {
				ALWAYS_SEARCH_USER_PATHS = NO;
				CLANG_ANALYZER_NONNULL = YES;
				CLANG_ANALYZER_NUMBER_OBJECT_CONVERSION = YES_AGGRESSIVE;
				CLANG_CXX_LANGUAGE_STANDARD = "gnu++14";
				CLANG_CXX_LIBRARY = "libc++";
				CLANG_ENABLE_MODULES = YES;
				CLANG_ENABLE_OBJC_ARC = YES;
				CLANG_ENABLE_OBJC_WEAK = YES;
				CLANG_WARN_BLOCK_CAPTURE_AUTORELEASING = YES;
				CLANG_WARN_BOOL_CONVERSION = YES;
				CLANG_WARN_COMMA = YES;
				CLANG_WARN_CONSTANT_CONVERSION = YES;
				CLANG_WARN_DEPRECATED_OBJC_IMPLEMENTATIONS = YES;
				CLANG_WARN_DIRECT_OBJC_ISA_USAGE = YES_ERROR;
				CLANG_WARN_DOCUMENTATION_COMMENTS = YES;
				CLANG_WARN_EMPTY_BODY = YES;
				CLANG_WARN_ENUM_CONVERSION = YES;
				CLANG_WARN_INFINITE_RECURSION = YES;
				CLANG_WARN_INT_CONVERSION = YES;
				CLANG_WARN_NON_LITERAL_NULL_CONVERSION = YES;
				CLANG_WARN_OBJC_IMPLICIT_RETAIN_SELF = YES;
				CLANG_WARN_OBJC_LITERAL_CONVERSION = YES;
				CLANG_WARN_OBJC_ROOT_CLASS = YES_ERROR;
				CLANG_WARN_QUOTED_INCLUDE_IN_FRAMEWORK_HEADER = YES;
				CLANG_WARN_RANGE_LOOP_ANALYSIS = YES;
				CLANG_WARN_STRICT_PROTOTYPES = YES;
				CLANG_WARN_SUSPICIOUS_MOVE = YES;
				CLANG_WARN_UNGUARDED_AVAILABILITY = YES_AGGRESSIVE;
				CLANG_WARN_UNREACHABLE_CODE = YES;
				CLANG_WARN__DUPLICATE_METHOD_MATCH = YES;
				COPY_PHASE_STRIP = NO;
				DEBUG_INFORMATION_FORMAT = dwarf;
				ENABLE_STRICT_OBJC_MSGSEND = YES;
				ENABLE_TESTABILITY = YES;
				GCC_C_LANGUAGE_STANDARD = gnu11;
				GCC_DYNAMIC_NO_PIC = NO;
				GCC_NO_COMMON_BLOCKS = YES;
				GCC_OPTIMIZATION_LEVEL = 0;
				GCC_PREPROCESSOR_DEFINITIONS = (
					"DEBUG=1",
					"$(inherited)",
				);
				GCC_WARN_64_TO_32_BIT_CONVERSION = YES;
				GCC_WARN_ABOUT_RETURN_TYPE = YES_ERROR;
				GCC_WARN_UNDECLARED_SELECTOR = YES;
				GCC_WARN_UNINITIALIZED_AUTOS = YES_AGGRESSIVE;
				GCC_WARN_UNUSED_FUNCTION = YES;
				GCC_WARN_UNUSED_VARIABLE = YES;
				IPHONEOS_DEPLOYMENT_TARGET = 14.2;
				MTL_ENABLE_DEBUG_INFO = INCLUDE_SOURCE;
				MTL_FAST_MATH = YES;
				ONLY_ACTIVE_ARCH = YES;
				SDKROOT = iphoneos;
				SWIFT_ACTIVE_COMPILATION_CONDITIONS = DEBUG;
				SWIFT_OPTIMIZATION_LEVEL = "-Onone";
			};
			name = Debug;
		};
		D66FE0EB26348308006589C1 /* Release */ = {
			isa = XCBuildConfiguration;
			buildSettings = {
				ALWAYS_SEARCH_USER_PATHS = NO;
				CLANG_ANALYZER_NONNULL = YES;
				CLANG_ANALYZER_NUMBER_OBJECT_CONVERSION = YES_AGGRESSIVE;
				CLANG_CXX_LANGUAGE_STANDARD = "gnu++14";
				CLANG_CXX_LIBRARY = "libc++";
				CLANG_ENABLE_MODULES = YES;
				CLANG_ENABLE_OBJC_ARC = YES;
				CLANG_ENABLE_OBJC_WEAK = YES;
				CLANG_WARN_BLOCK_CAPTURE_AUTORELEASING = YES;
				CLANG_WARN_BOOL_CONVERSION = YES;
				CLANG_WARN_COMMA = YES;
				CLANG_WARN_CONSTANT_CONVERSION = YES;
				CLANG_WARN_DEPRECATED_OBJC_IMPLEMENTATIONS = YES;
				CLANG_WARN_DIRECT_OBJC_ISA_USAGE = YES_ERROR;
				CLANG_WARN_DOCUMENTATION_COMMENTS = YES;
				CLANG_WARN_EMPTY_BODY = YES;
				CLANG_WARN_ENUM_CONVERSION = YES;
				CLANG_WARN_INFINITE_RECURSION = YES;
				CLANG_WARN_INT_CONVERSION = YES;
				CLANG_WARN_NON_LITERAL_NULL_CONVERSION = YES;
				CLANG_WARN_OBJC_IMPLICIT_RETAIN_SELF = YES;
				CLANG_WARN_OBJC_LITERAL_CONVERSION = YES;
				CLANG_WARN_OBJC_ROOT_CLASS = YES_ERROR;
				CLANG_WARN_QUOTED_INCLUDE_IN_FRAMEWORK_HEADER = YES;
				CLANG_WARN_RANGE_LOOP_ANALYSIS = YES;
				CLANG_WARN_STRICT_PROTOTYPES = YES;
				CLANG_WARN_SUSPICIOUS_MOVE = YES;
				CLANG_WARN_UNGUARDED_AVAILABILITY = YES_AGGRESSIVE;
				CLANG_WARN_UNREACHABLE_CODE = YES;
				CLANG_WARN__DUPLICATE_METHOD_MATCH = YES;
				COPY_PHASE_STRIP = NO;
				DEBUG_INFORMATION_FORMAT = "dwarf-with-dsym";
				ENABLE_NS_ASSERTIONS = NO;
				ENABLE_STRICT_OBJC_MSGSEND = YES;
				GCC_C_LANGUAGE_STANDARD = gnu11;
				GCC_NO_COMMON_BLOCKS = YES;
				GCC_WARN_64_TO_32_BIT_CONVERSION = YES;
				GCC_WARN_ABOUT_RETURN_TYPE = YES_ERROR;
				GCC_WARN_UNDECLARED_SELECTOR = YES;
				GCC_WARN_UNINITIALIZED_AUTOS = YES_AGGRESSIVE;
				GCC_WARN_UNUSED_FUNCTION = YES;
				GCC_WARN_UNUSED_VARIABLE = YES;
				IPHONEOS_DEPLOYMENT_TARGET = 14.2;
				MTL_ENABLE_DEBUG_INFO = NO;
				MTL_FAST_MATH = YES;
				SDKROOT = iphoneos;
				SWIFT_COMPILATION_MODE = wholemodule;
				SWIFT_OPTIMIZATION_LEVEL = "-O";
				VALIDATE_PRODUCT = YES;
			};
			name = Release;
		};
		D66FE0ED26348308006589C1 /* Debug */ = {
			isa = XCBuildConfiguration;
			buildSettings = {
				ASSETCATALOG_COMPILER_APPICON_NAME = AppIcon;
				ASSETCATALOG_COMPILER_GLOBAL_ACCENT_COLOR_NAME = AccentColor;
				CODE_SIGN_STYLE = Automatic;
				INFOPLIST_FILE = testClaro/Info.plist;
				LD_RUNPATH_SEARCH_PATHS = (
					"$(inherited)",
					"@executable_path/Frameworks",
				);
				PRODUCT_BUNDLE_IDENTIFIER = testClaro.americo.com.testClaro;
				PRODUCT_NAME = "$(TARGET_NAME)";
				SWIFT_VERSION = 5.0;
				TARGETED_DEVICE_FAMILY = "1,2";
			};
			name = Debug;
		};
		D66FE0EE26348308006589C1 /* Release */ = {
			isa = XCBuildConfiguration;
			buildSettings = {
				ASSETCATALOG_COMPILER_APPICON_NAME = AppIcon;
				ASSETCATALOG_COMPILER_GLOBAL_ACCENT_COLOR_NAME = AccentColor;
				CODE_SIGN_STYLE = Automatic;
				INFOPLIST_FILE = testClaro/Info.plist;
				LD_RUNPATH_SEARCH_PATHS = (
					"$(inherited)",
					"@executable_path/Frameworks",
				);
				PRODUCT_BUNDLE_IDENTIFIER = testClaro.americo.com.testClaro;
				PRODUCT_NAME = "$(TARGET_NAME)";
				SWIFT_VERSION = 5.0;
				TARGETED_DEVICE_FAMILY = "1,2";
			};
			name = Release;
		};
/* End XCBuildConfiguration section */

/* Begin XCConfigurationList section */
		D66FE0D326348306006589C1 /* Build configuration list for PBXProject "testClaro" */ = {
			isa = XCConfigurationList;
			buildConfigurations = (
				D66FE0EA26348308006589C1 /* Debug */,
				D66FE0EB26348308006589C1 /* Release */,
			);
			defaultConfigurationIsVisible = 0;
			defaultConfigurationName = Release;
		};
		D66FE0EC26348308006589C1 /* Build configuration list for PBXNativeTarget "testClaro" */ = {
			isa = XCConfigurationList;
			buildConfigurations = (
				D66FE0ED26348308006589C1 /* Debug */,
				D66FE0EE26348308006589C1 /* Release */,
			);
			defaultConfigurationIsVisible = 0;
			defaultConfigurationName = Release;
		};
/* End XCConfigurationList section */
	};
	rootObject = D66FE0D026348306006589C1 /* Project object */;
}
